// !$*UTF8*$!
{
	archiveVersion = 1;
	classes = {
	};
	objectVersion = 46;
	objects = {

/* Begin PBXBuildFile section */
		C35C8F6C1C98479400AF3078 /* AppDelegate.swift in Sources */ = {isa = PBXBuildFile; fileRef = C35C8F6B1C98479400AF3078 /* AppDelegate.swift */; };
		C35C8F6E1C98479400AF3078 /* ViewController.swift in Sources */ = {isa = PBXBuildFile; fileRef = C35C8F6D1C98479400AF3078 /* ViewController.swift */; };
		C35C8F711C98479400AF3078 /* Main.storyboard in Resources */ = {isa = PBXBuildFile; fileRef = C35C8F6F1C98479400AF3078 /* Main.storyboard */; };
		C35C8F741C98479400AF3078 /* Pitch_Perfect.xcdatamodeld in Sources */ = {isa = PBXBuildFile; fileRef = C35C8F721C98479400AF3078 /* Pitch_Perfect.xcdatamodeld */; };
		C35C8F761C98479400AF3078 /* Assets.xcassets in Resources */ = {isa = PBXBuildFile; fileRef = C35C8F751C98479400AF3078 /* Assets.xcassets */; };
		C35C8F791C98479400AF3078 /* LaunchScreen.storyboard in Resources */ = {isa = PBXBuildFile; fileRef = C35C8F771C98479400AF3078 /* LaunchScreen.storyboard */; };
		C35C8F841C98479400AF3078 /* Pitch_PerfectTests.swift in Sources */ = {isa = PBXBuildFile; fileRef = C35C8F831C98479400AF3078 /* Pitch_PerfectTests.swift */; };
		C35C8F8F1C98479400AF3078 /* Pitch_PerfectUITests.swift in Sources */ = {isa = PBXBuildFile; fileRef = C35C8F8E1C98479400AF3078 /* Pitch_PerfectUITests.swift */; };
/* End PBXBuildFile section */

/* Begin PBXContainerItemProxy section */
		C35C8F801C98479400AF3078 /* PBXContainerItemProxy */ = {
			isa = PBXContainerItemProxy;
			containerPortal = C35C8F601C98479400AF3078 /* Project object */;
			proxyType = 1;
			remoteGlobalIDString = C35C8F671C98479400AF3078;
			remoteInfo = "Pitch Perfect";
		};
		C35C8F8B1C98479400AF3078 /* PBXContainerItemProxy */ = {
			isa = PBXContainerItemProxy;
			containerPortal = C35C8F601C98479400AF3078 /* Project object */;
			proxyType = 1;
			remoteGlobalIDString = C35C8F671C98479400AF3078;
			remoteInfo = "Pitch Perfect";
		};
/* End PBXContainerItemProxy section */

/* Begin PBXFileReference section */
		C35C8F681C98479400AF3078 /* Pitch Perfect.app */ = {isa = PBXFileReference; explicitFileType = wrapper.application; includeInIndex = 0; path = "Pitch Perfect.app"; sourceTree = BUILT_PRODUCTS_DIR; };
		C35C8F6B1C98479400AF3078 /* AppDelegate.swift */ = {isa = PBXFileReference; lastKnownFileType = sourcecode.swift; path = AppDelegate.swift; sourceTree = "<group>"; };
		C35C8F6D1C98479400AF3078 /* ViewController.swift */ = {isa = PBXFileReference; lastKnownFileType = sourcecode.swift; path = ViewController.swift; sourceTree = "<group>"; };
		C35C8F701C98479400AF3078 /* Base */ = {isa = PBXFileReference; lastKnownFileType = file.storyboard; name = Base; path = Base.lproj/Main.storyboard; sourceTree = "<group>"; };
		C35C8F731C98479400AF3078 /* Pitch_Perfect.xcdatamodel */ = {isa = PBXFileReference; lastKnownFileType = wrapper.xcdatamodel; path = Pitch_Perfect.xcdatamodel; sourceTree = "<group>"; };
		C35C8F751C98479400AF3078 /* Assets.xcassets */ = {isa = PBXFileReference; lastKnownFileType = folder.assetcatalog; path = Assets.xcassets; sourceTree = "<group>"; };
		C35C8F781C98479400AF3078 /* Base */ = {isa = PBXFileReference; lastKnownFileType = file.storyboard; name = Base; path = Base.lproj/LaunchScreen.storyboard; sourceTree = "<group>"; };
		C35C8F7A1C98479400AF3078 /* Info.plist */ = {isa = PBXFileReference; lastKnownFileType = text.plist.xml; path = Info.plist; sourceTree = "<group>"; };
		C35C8F7F1C98479400AF3078 /* Pitch PerfectTests.xctest */ = {isa = PBXFileReference; explicitFileType = wrapper.cfbundle; includeInIndex = 0; path = "Pitch PerfectTests.xctest"; sourceTree = BUILT_PRODUCTS_DIR; };
		C35C8F831C98479400AF3078 /* Pitch_PerfectTests.swift */ = {isa = PBXFileReference; lastKnownFileType = sourcecode.swift; path = Pitch_PerfectTests.swift; sourceTree = "<group>"; };
		C35C8F851C98479400AF3078 /* Info.plist */ = {isa = PBXFileReference; lastKnownFileType = text.plist.xml; path = Info.plist; sourceTree = "<group>"; };
		C35C8F8A1C98479400AF3078 /* Pitch PerfectUITests.xctest */ = {isa = PBXFileReference; explicitFileType = wrapper.cfbundle; includeInIndex = 0; path = "Pitch PerfectUITests.xctest"; sourceTree = BUILT_PRODUCTS_DIR; };
		C35C8F8E1C98479400AF3078 /* Pitch_PerfectUITests.swift */ = {isa = PBXFileReference; lastKnownFileType = sourcecode.swift; path = Pitch_PerfectUITests.swift; sourceTree = "<group>"; };
		C35C8F901C98479400AF3078 /* Info.plist */ = {isa = PBXFileReference; lastKnownFileType = text.plist.xml; path = Info.plist; sourceTree = "<group>"; };
/* End PBXFileReference section */

/* Begin PBXFrameworksBuildPhase section */
		C35C8F651C98479400AF3078 /* Frameworks */ = {
			isa = PBXFrameworksBuildPhase;
			buildActionMask = 2147483647;
			files = (
			);
			runOnlyForDeploymentPostprocessing = 0;
		};
		C35C8F7C1C98479400AF3078 /* Frameworks */ = {
			isa = PBXFrameworksBuildPhase;
			buildActionMask = 2147483647;
			files = (
			);
			runOnlyForDeploymentPostprocessing = 0;
		};
		C35C8F871C98479400AF3078 /* Frameworks */ = {
			isa = PBXFrameworksBuildPhase;
			buildActionMask = 2147483647;
			files = (
			);
			runOnlyForDeploymentPostprocessing = 0;
		};
/* End PBXFrameworksBuildPhase section */

/* Begin PBXGroup section */
		C35C8F5F1C98479400AF3078 = {
			isa = PBXGroup;
			children = (
				C35C8F6A1C98479400AF3078 /* Pitch Perfect */,
				C35C8F821C98479400AF3078 /* Pitch PerfectTests */,
				C35C8F8D1C98479400AF3078 /* Pitch PerfectUITests */,
				C35C8F691C98479400AF3078 /* Products */,
			);
			sourceTree = "<group>";
		};
		C35C8F691C98479400AF3078 /* Products */ = {
			isa = PBXGroup;
			children = (
				C35C8F681C98479400AF3078 /* Pitch Perfect.app */,
				C35C8F7F1C98479400AF3078 /* Pitch PerfectTests.xctest */,
				C35C8F8A1C98479400AF3078 /* Pitch PerfectUITests.xctest */,
			);
			name = Products;
			sourceTree = "<group>";
		};
		C35C8F6A1C98479400AF3078 /* Pitch Perfect */ = {
			isa = PBXGroup;
			children = (
				C35C8F6B1C98479400AF3078 /* AppDelegate.swift */,
				C35C8F6D1C98479400AF3078 /* ViewController.swift */,
				C35C8F6F1C98479400AF3078 /* Main.storyboard */,
				C35C8F751C98479400AF3078 /* Assets.xcassets */,
				C35C8F771C98479400AF3078 /* LaunchScreen.storyboard */,
				C35C8F7A1C98479400AF3078 /* Info.plist */,
				C35C8F721C98479400AF3078 /* Pitch_Perfect.xcdatamodeld */,
			);
			path = "Pitch Perfect";
			sourceTree = "<group>";
		};
		C35C8F821C98479400AF3078 /* Pitch PerfectTests */ = {
			isa = PBXGroup;
			children = (
				C35C8F831C98479400AF3078 /* Pitch_PerfectTests.swift */,
				C35C8F851C98479400AF3078 /* Info.plist */,
			);
			path = "Pitch PerfectTests";
			sourceTree = "<group>";
		};
		C35C8F8D1C98479400AF3078 /* Pitch PerfectUITests */ = {
			isa = PBXGroup;
			children = (
				C35C8F8E1C98479400AF3078 /* Pitch_PerfectUITests.swift */,
				C35C8F901C98479400AF3078 /* Info.plist */,
			);
			path = "Pitch PerfectUITests";
			sourceTree = "<group>";
		};
/* End PBXGroup section */

/* Begin PBXNativeTarget section */
		C35C8F671C98479400AF3078 /* Pitch Perfect */ = {
			isa = PBXNativeTarget;
			buildConfigurationList = C35C8F931C98479400AF3078 /* Build configuration list for PBXNativeTarget "Pitch Perfect" */;
			buildPhases = (
				C35C8F641C98479400AF3078 /* Sources */,
				C35C8F651C98479400AF3078 /* Frameworks */,
				C35C8F661C98479400AF3078 /* Resources */,
			);
			buildRules = (
			);
			dependencies = (
			);
			name = "Pitch Perfect";
			productName = "Pitch Perfect";
			productReference = C35C8F681C98479400AF3078 /* Pitch Perfect.app */;
			productType = "com.apple.product-type.application";
		};
		C35C8F7E1C98479400AF3078 /* Pitch PerfectTests */ = {
			isa = PBXNativeTarget;
			buildConfigurationList = C35C8F961C98479400AF3078 /* Build configuration list for PBXNativeTarget "Pitch PerfectTests" */;
			buildPhases = (
				C35C8F7B1C98479400AF3078 /* Sources */,
				C35C8F7C1C98479400AF3078 /* Frameworks */,
				C35C8F7D1C98479400AF3078 /* Resources */,
			);
			buildRules = (
			);
			dependencies = (
				C35C8F811C98479400AF3078 /* PBXTargetDependency */,
			);
			name = "Pitch PerfectTests";
			productName = "Pitch PerfectTests";
			productReference = C35C8F7F1C98479400AF3078 /* Pitch PerfectTests.xctest */;
			productType = "com.apple.product-type.bundle.unit-test";
		};
		C35C8F891C98479400AF3078 /* Pitch PerfectUITests */ = {
			isa = PBXNativeTarget;
			buildConfigurationList = C35C8F991C98479400AF3078 /* Build configuration list for PBXNativeTarget "Pitch PerfectUITests" */;
			buildPhases = (
				C35C8F861C98479400AF3078 /* Sources */,
				C35C8F871C98479400AF3078 /* Frameworks */,
				C35C8F881C98479400AF3078 /* Resources */,
			);
			buildRules = (
			);
			dependencies = (
				C35C8F8C1C98479400AF3078 /* PBXTargetDependency */,
			);
			name = "Pitch PerfectUITests";
			productName = "Pitch PerfectUITests";
			productReference = C35C8F8A1C98479400AF3078 /* Pitch PerfectUITests.xctest */;
			productType = "com.apple.product-type.bundle.ui-testing";
		};
/* End PBXNativeTarget section */

/* Begin PBXProject section */
		C35C8F601C98479400AF3078 /* Project object */ = {
			isa = PBXProject;
			attributes = {
				LastSwiftUpdateCheck = 0720;
				LastUpgradeCheck = 0720;
				ORGANIZATIONNAME = "BS K";
				TargetAttributes = {
					C35C8F671C98479400AF3078 = {
						CreatedOnToolsVersion = 7.2.1;
					};
					C35C8F7E1C98479400AF3078 = {
						CreatedOnToolsVersion = 7.2.1;
						TestTargetID = C35C8F671C98479400AF3078;
					};
					C35C8F891C98479400AF3078 = {
						CreatedOnToolsVersion = 7.2.1;
						TestTargetID = C35C8F671C98479400AF3078;
					};
				};
			};
			buildConfigurationList = C35C8F631C98479400AF3078 /* Build configuration list for PBXProject "Pitch Perfect" */;
			compatibilityVersion = "Xcode 3.2";
			developmentRegion = English;
			hasScannedForEncodings = 0;
			knownRegions = (
				en,
				Base,
			);
			mainGroup = C35C8F5F1C98479400AF3078;
			productRefGroup = C35C8F691C98479400AF3078 /* Products */;
			projectDirPath = "";
			projectRoot = "";
			targets = (
				C35C8F671C98479400AF3078 /* Pitch Perfect */,
				C35C8F7E1C98479400AF3078 /* Pitch PerfectTests */,
				C35C8F891C98479400AF3078 /* Pitch PerfectUITests */,
			);
		};
/* End PBXProject section */

/* Begin PBXResourcesBuildPhase section */
		C35C8F661C98479400AF3078 /* Resources */ = {
			isa = PBXResourcesBuildPhase;
			buildActionMask = 2147483647;
			files = (
				C35C8F791C98479400AF3078 /* LaunchScreen.storyboard in Resources */,
				C35C8F761C98479400AF3078 /* Assets.xcassets in Resources */,
				C35C8F711C98479400AF3078 /* Main.storyboard in Resources */,
			);
			runOnlyForDeploymentPostprocessing = 0;
		};
		C35C8F7D1C98479400AF3078 /* Resources */ = {
			isa = PBXResourcesBuildPhase;
			buildActionMask = 2147483647;
			files = (
			);
			runOnlyForDeploymentPostprocessing = 0;
		};
		C35C8F881C98479400AF3078 /* Resources */ = {
			isa = PBXResourcesBuildPhase;
			buildActionMask = 2147483647;
			files = (
			);
			runOnlyForDeploymentPostprocessing = 0;
		};
/* End PBXResourcesBuildPhase section */

/* Begin PBXSourcesBuildPhase section */
		C35C8F641C98479400AF3078 /* Sources */ = {
			isa = PBXSourcesBuildPhase;
			buildActionMask = 2147483647;
			files = (
				C35C8F6E1C98479400AF3078 /* ViewController.swift in Sources */,
				C35C8F6C1C98479400AF3078 /* AppDelegate.swift in Sources */,
				C35C8F741C98479400AF3078 /* Pitch_Perfect.xcdatamodeld in Sources */,
			);
			runOnlyForDeploymentPostprocessing = 0;
		};
		C35C8F7B1C98479400AF3078 /* Sources */ = {
			isa = PBXSourcesBuildPhase;
			buildActionMask = 2147483647;
			files = (
				C35C8F841C98479400AF3078 /* Pitch_PerfectTests.swift in Sources */,
			);
			runOnlyForDeploymentPostprocessing = 0;
		};
		C35C8F861C98479400AF3078 /* Sources */ = {
			isa = PBXSourcesBuildPhase;
			buildActionMask = 2147483647;
			files = (
				C35C8F8F1C98479400AF3078 /* Pitch_PerfectUITests.swift in Sources */,
			);
			runOnlyForDeploymentPostprocessing = 0;
		};
/* End PBXSourcesBuildPhase section */

/* Begin PBXTargetDependency section */
		C35C8F811C98479400AF3078 /* PBXTargetDependency */ = {
			isa = PBXTargetDependency;
			target = C35C8F671C98479400AF3078 /* Pitch Perfect */;
			targetProxy = C35C8F801C98479400AF3078 /* PBXContainerItemProxy */;
		};
		C35C8F8C1C98479400AF3078 /* PBXTargetDependency */ = {
			isa = PBXTargetDependency;
			target = C35C8F671C98479400AF3078 /* Pitch Perfect */;
			targetProxy = C35C8F8B1C98479400AF3078 /* PBXContainerItemProxy */;
		};
/* End PBXTargetDependency section */

/* Begin PBXVariantGroup section */
		C35C8F6F1C98479400AF3078 /* Main.storyboard */ = {
			isa = PBXVariantGroup;
			children = (
				C35C8F701C98479400AF3078 /* Base */,
			);
			name = Main.storyboard;
			sourceTree = "<group>";
		};
		C35C8F771C98479400AF3078 /* LaunchScreen.storyboard */ = {
			isa = PBXVariantGroup;
			children = (
				C35C8F781C98479400AF3078 /* Base */,
			);
			name = LaunchScreen.storyboard;
			sourceTree = "<group>";
		};
/* End PBXVariantGroup section */

/* Begin XCBuildConfiguration section */
		C35C8F911C98479400AF3078 /* Debug */ = {
			isa = XCBuildConfiguration;
			buildSettings = {
				ALWAYS_SEARCH_USER_PATHS = NO;
				CLANG_CXX_LANGUAGE_STANDARD = "gnu++0x";
				CLANG_CXX_LIBRARY = "libc++";
				CLANG_ENABLE_MODULES = YES;
				CLANG_ENABLE_OBJC_ARC = YES;
				CLANG_WARN_BOOL_CONVERSION = YES;
				CLANG_WARN_CONSTANT_CONVERSION = YES;
				CLANG_WARN_DIRECT_OBJC_ISA_USAGE = YES_ERROR;
				CLANG_WARN_EMPTY_BODY = YES;
				CLANG_WARN_ENUM_CONVERSION = YES;
				CLANG_WARN_INT_CONVERSION = YES;
				CLANG_WARN_OBJC_ROOT_CLASS = YES_ERROR;
				CLANG_WARN_UNREACHABLE_CODE = YES;
				CLANG_WARN__DUPLICATE_METHOD_MATCH = YES;
				"CODE_SIGN_IDENTITY[sdk=iphoneos*]" = "iPhone Developer";
				COPY_PHASE_STRIP = NO;
				DEBUG_INFORMATION_FORMAT = dwarf;
				ENABLE_STRICT_OBJC_MSGSEND = YES;
				ENABLE_TESTABILITY = YES;
				GCC_C_LANGUAGE_STANDARD = gnu99;
				GCC_DYNAMIC_NO_PIC = NO;
				GCC_NO_COMMON_BLOCKS = YES;
				GCC_OPTIMIZATION_LEVEL = 0;
				GCC_PREPROCESSOR_DEFINITIONS = (
					"DEBUG=1",
					"$(inherited)",
				);
				GCC_WARN_64_TO_32_BIT_CONVERSION = YES;
				GCC_WARN_ABOUT_RETURN_TYPE = YES_ERROR;
				GCC_WARN_UNDECLARED_SELECTOR = YES;
				GCC_WARN_UNINITIALIZED_AUTOS = YES_AGGRESSIVE;
				GCC_WARN_UNUSED_FUNCTION = YES;
				GCC_WARN_UNUSED_VARIABLE = YES;
				IPHONEOS_DEPLOYMENT_TARGET = 9.2;
				MTL_ENABLE_DEBUG_INFO = YES;
				ONLY_ACTIVE_ARCH = YES;
				SDKROOT = iphoneos;
				SWIFT_OPTIMIZATION_LEVEL = "-Onone";
			};
			name = Debug;
		};
		C35C8F921C98479400AF3078 /* Release */ = {
			isa = XCBuildConfiguration;
			buildSettings = {
				ALWAYS_SEARCH_USER_PATHS = NO;
				CLANG_CXX_LANGUAGE_STANDARD = "gnu++0x";
				CLANG_CXX_LIBRARY = "libc++";
				CLANG_ENABLE_MODULES = YES;
				CLANG_ENABLE_OBJC_ARC = YES;
				CLANG_WARN_BOOL_CONVERSION = YES;
				CLANG_WARN_CONSTANT_CONVERSION = YES;
				CLANG_WARN_DIRECT_OBJC_ISA_USAGE = YES_ERROR;
				CLANG_WARN_EMPTY_BODY = YES;
				CLANG_WARN_ENUM_CONVERSION = YES;
				CLANG_WARN_INT_CONVERSION = YES;
				CLANG_WARN_OBJC_ROOT_CLASS = YES_ERROR;
				CLANG_WARN_UNREACHABLE_CODE = YES;
				CLANG_WARN__DUPLICATE_METHOD_MATCH = YES;
				"CODE_SIGN_IDENTITY[sdk=iphoneos*]" = "iPhone Developer";
				COPY_PHASE_STRIP = NO;
				DEBUG_INFORMATION_FORMAT = "dwarf-with-dsym";
				ENABLE_NS_ASSERTIONS = NO;
				ENABLE_STRICT_OBJC_MSGSEND = YES;
				GCC_C_LANGUAGE_STANDARD = gnu99;
				GCC_NO_COMMON_BLOCKS = YES;
				GCC_WARN_64_TO_32_BIT_CONVERSION = YES;
				GCC_WARN_ABOUT_RETURN_TYPE = YES_ERROR;
				GCC_WARN_UNDECLARED_SELECTOR = YES;
				GCC_WARN_UNINITIALIZED_AUTOS = YES_AGGRESSIVE;
				GCC_WARN_UNUSED_FUNCTION = YES;
				GCC_WARN_UNUSED_VARIABLE = YES;
				IPHONEOS_DEPLOYMENT_TARGET = 9.2;
				MTL_ENABLE_DEBUG_INFO = NO;
				SDKROOT = iphoneos;
				VALIDATE_PRODUCT = YES;
			};
			name = Release;
		};
		C35C8F941C98479400AF3078 /* Debug */ = {
			isa = XCBuildConfiguration;
			buildSettings = {
				ASSETCATALOG_COMPILER_APPICON_NAME = AppIcon;
				INFOPLIST_FILE = "Pitch Perfect/Info.plist";
				LD_RUNPATH_SEARCH_PATHS = "$(inherited) @executable_path/Frameworks";
				PRODUCT_BUNDLE_IDENTIFIER = "com.revel216.Pitch-Perfect";
				PRODUCT_NAME = "$(TARGET_NAME)";
			};
			name = Debug;
		};
		C35C8F951C98479400AF3078 /* Release */ = {
			isa = XCBuildConfiguration;
			buildSettings = {
				ASSETCATALOG_COMPILER_APPICON_NAME = AppIcon;
				INFOPLIST_FILE = "Pitch Perfect/Info.plist";
				LD_RUNPATH_SEARCH_PATHS = "$(inherited) @executable_path/Frameworks";
				PRODUCT_BUNDLE_IDENTIFIER = "com.revel216.Pitch-Perfect";
				PRODUCT_NAME = "$(TARGET_NAME)";
			};
			name = Release;
		};
		C35C8F971C98479400AF3078 /* Debug */ = {
			isa = XCBuildConfiguration;
			buildSettings = {
				BUNDLE_LOADER = "$(TEST_HOST)";
				INFOPLIST_FILE = "Pitch PerfectTests/Info.plist";
				LD_RUNPATH_SEARCH_PATHS = "$(inherited) @executable_path/Frameworks @loader_path/Frameworks";
				PRODUCT_BUNDLE_IDENTIFIER = "com.revel216.Pitch-PerfectTests";
				PRODUCT_NAME = "$(TARGET_NAME)";
				TEST_HOST = "$(BUILT_PRODUCTS_DIR)/Pitch Perfect.app/Pitch Perfect";
			};
			name = Debug;
		};
		C35C8F981C98479400AF3078 /* Release */ = {
			isa = XCBuildConfiguration;
			buildSettings = {
				BUNDLE_LOADER = "$(TEST_HOST)";
				INFOPLIST_FILE = "Pitch PerfectTests/Info.plist";
				LD_RUNPATH_SEARCH_PATHS = "$(inherited) @executable_path/Frameworks @loader_path/Frameworks";
				PRODUCT_BUNDLE_IDENTIFIER = "com.revel216.Pitch-PerfectTests";
				PRODUCT_NAME = "$(TARGET_NAME)";
				TEST_HOST = "$(BUILT_PRODUCTS_DIR)/Pitch Perfect.app/Pitch Perfect";
			};
			name = Release;
		};
		C35C8F9A1C98479400AF3078 /* Debug */ = {
			isa = XCBuildConfiguration;
			buildSettings = {
				INFOPLIST_FILE = "Pitch PerfectUITests/Info.plist";
				LD_RUNPATH_SEARCH_PATHS = "$(inherited) @executable_path/Frameworks @loader_path/Frameworks";
				PRODUCT_BUNDLE_IDENTIFIER = "com.revel216.Pitch-PerfectUITests";
				PRODUCT_NAME = "$(TARGET_NAME)";
				TEST_TARGET_NAME = "Pitch Perfect";
				USES_XCTRUNNER = YES;
			};
			name = Debug;
		};
		C35C8F9B1C98479400AF3078 /* Release */ = {
			isa = XCBuildConfiguration;
			buildSettings = {
				INFOPLIST_FILE = "Pitch PerfectUITests/Info.plist";
				LD_RUNPATH_SEARCH_PATHS = "$(inherited) @executable_path/Frameworks @loader_path/Frameworks";
				PRODUCT_BUNDLE_IDENTIFIER = "com.revel216.Pitch-PerfectUITests";
				PRODUCT_NAME = "$(TARGET_NAME)";
				TEST_TARGET_NAME = "Pitch Perfect";
				USES_XCTRUNNER = YES;
			};
			name = Release;
		};
/* End XCBuildConfiguration section */

/* Begin XCConfigurationList section */
		C35C8F631C98479400AF3078 /* Build configuration list for PBXProject "Pitch Perfect" */ = {
			isa = XCConfigurationList;
			buildConfigurations = (
				C35C8F911C98479400AF3078 /* Debug */,
				C35C8F921C98479400AF3078 /* Release */,
			);
			defaultConfigurationIsVisible = 0;
			defaultConfigurationName = Release;
		};
		C35C8F931C98479400AF3078 /* Build configuration list for PBXNativeTarget "Pitch Perfect" */ = {
			isa = XCConfigurationList;
			buildConfigurations = (
				C35C8F941C98479400AF3078 /* Debug */,
				C35C8F951C98479400AF3078 /* Release */,
			);
			defaultConfigurationIsVisible = 0;
		};
		C35C8F961C98479400AF3078 /* Build configuration list for PBXNativeTarget "Pitch PerfectTests" */ = {
			isa = XCConfigurationList;
			buildConfigurations = (
				C35C8F971C98479400AF3078 /* Debug */,
				C35C8F981C98479400AF3078 /* Release */,
			);
			defaultConfigurationIsVisible = 0;
		};
		C35C8F991C98479400AF3078 /* Build configuration list for PBXNativeTarget "Pitch PerfectUITests" */ = {
			isa = XCConfigurationList;
			buildConfigurations = (
				C35C8F9A1C98479400AF3078 /* Debug */,
				C35C8F9B1C98479400AF3078 /* Release */,
			);
			defaultConfigurationIsVisible = 0;
		};
/* End XCConfigurationList section */

/* Begin XCVersionGroup section */
		C35C8F721C98479400AF3078 /* Pitch_Perfect.xcdatamodeld */ = {
			isa = XCVersionGroup;
			children = (
				C35C8F731C98479400AF3078 /* Pitch_Perfect.xcdatamodel */,
			);
			currentVersion = C35C8F731C98479400AF3078 /* Pitch_Perfect.xcdatamodel */;
			path = Pitch_Perfect.xcdatamodeld;
			sourceTree = "<group>";
			versionGroupType = wrapper.xcdatamodel;
		};
/* End XCVersionGroup section */
	};
	rootObject = C35C8F601C98479400AF3078 /* Project object */;
}
